
Microsoft Visual Studio Solution File, Format Version 12.00
# Visual Studio 2012
Project("{2150E333-8FDC-42A3-9474-1A3956D46DE8}") = "Catalogs", "Catalogs", "{491A5FEB-6332-48C9-BE89-09FC2D744FBB}"
EndProject
Project("{2150E333-8FDC-42A3-9474-1A3956D46DE8}") = "src", "src", "{30DAF6EC-5BB6-4402-8247-E11F381BC566}"
EndProject
Project("{2150E333-8FDC-42A3-9474-1A3956D46DE8}") = "tests", "tests", "{DFA5341B-26E2-4B3F-BE2C-483A831A6D8C}"
EndProject
Project("{2150E333-8FDC-42A3-9474-1A3956D46DE8}") = "Database", "Database", "{174DB402-08F3-40DD-89EC-8D589EDAAD30}"
EndProject
Project("{2150E333-8FDC-42A3-9474-1A3956D46DE8}") = "src", "src", "{96BCF895-F1BF-4442-B62A-DCED3FEE9079}"
EndProject
Project("{2150E333-8FDC-42A3-9474-1A3956D46DE8}") = "tests", "tests", "{F2FF825B-87B7-48BC-BA54-8277896EA555}"
EndProject
Project("{FAE04EC0-301F-11D3-BF4B-00C04F79EFBC}") = "Hozaru.Database.PostgreSQLDataMapper", "Database\src\Hozaru.Database.PostgreSQLDataMapper\Hozaru.Database.PostgreSQLDataMapper.csproj", "{03B45EC2-0AEE-49CC-8FFB-A067078B954F}"
EndProject
Project("{FAE04EC0-301F-11D3-BF4B-00C04F79EFBC}") = "Hozaru.Database.SQLDataMapper", "Database\src\Hozaru.Database.SQLDataMapper\Hozaru.Database.SQLDataMapper.csproj", "{1ADE5D84-E966-4C76-AFB0-E9ACD5808C44}"
EndProject
Project("{FAE04EC0-301F-11D3-BF4B-00C04F79EFBC}") = "Hozaru.Database.PostgreSQLFixture", "Database\tests\Hozaru.Database.PostgreSQLFixture\Hozaru.Database.PostgreSQLFixture.csproj", "{8FFB8351-4099-4D3A-BDE4-BFE0268D17FA}"
EndProject
Project("{FAE04EC0-301F-11D3-BF4B-00C04F79EFBC}") = "Hozaru.Database.SQLFixture", "Database\tests\Hozaru.Database.SQLFixture\Hozaru.Database.SQLFixture.csproj", "{8FA8C226-17C6-4DCA-AE63-F583C147062C}"
EndProject
Project("{2150E333-8FDC-42A3-9474-1A3956D46DE8}") = ".nuget", ".nuget", "{3A118B8E-8F9E-4F82-8FCC-D6F3B7EFE464}"
	ProjectSection(SolutionItems) = preProject
		.nuget\NuGet.Config = .nuget\NuGet.Config
		.nuget\NuGet.exe = .nuget\NuGet.exe
		.nuget\NuGet.targets = .nuget\NuGet.targets
	EndProjectSection
EndProject
Project("{FAE04EC0-301F-11D3-BF4B-00C04F79EFBC}") = "Hozaru.Catalogs.Catalog.RepositoryTest", "Catalog\tests\Hozaru.Catalogs.Catalog.RepositoryTest\Hozaru.Catalogs.Catalog.RepositoryTest.csproj", "{700149D5-6B1B-4428-BAE7-B49D58D54891}"
EndProject
Project("{FAE04EC0-301F-11D3-BF4B-00C04F79EFBC}") = "Hozaru.Catalogs.AppServices", "Catalog\src\Hozaru.Catalogs.AppServices\Hozaru.Catalogs.AppServices.csproj", "{C67BF680-602A-4D10-8804-59962F052BB1}"
EndProject
Project("{FAE04EC0-301F-11D3-BF4B-00C04F79EFBC}") = "Hozaru.Catalogs.Catalog", "Catalog\src\Hozaru.Catalogs.Catalog\Hozaru.Catalogs.Catalog.csproj", "{E54186E0-5D8F-42D4-B35B-A31B710CA743}"
EndProject
Project("{FAE04EC0-301F-11D3-BF4B-00C04F79EFBC}") = "Hozaru.Catalogs.Repository", "Catalog\src\Hozaru.Catalogs.Repository\Hozaru.Catalogs.Repository.csproj", "{900BF744-59AB-4165-9250-52335CAF30BE}"
EndProject
Project("{FAE04EC0-301F-11D3-BF4B-00C04F79EFBC}") = "Hozaru.Catalogs.Catalog.Fixtures", "Catalog\tests\Hozaru.Catalogs.Catalog.Fixtures\Hozaru.Catalogs.Catalog.Fixtures.csproj", "{0BAC904D-3DDB-47DB-8FA9-DD365D990693}"
EndProject
Project("{FAE04EC0-301F-11D3-BF4B-00C04F79EFBC}") = "Hozaru.Catalogs.Catalog.IntegrationTests", "Catalog\tests\Hozaru.Catalogs.Catalog.IntegrationTests\Hozaru.Catalogs.Catalog.IntegrationTests.csproj", "{6D3B2804-9883-4830-9A6E-AA77C012A4E4}"
EndProject
Global
	GlobalSection(SolutionConfigurationPlatforms) = preSolution
		Debug|Any CPU = Debug|Any CPU
		Release|Any CPU = Release|Any CPU
	EndGlobalSection
	GlobalSection(ProjectConfigurationPlatforms) = postSolution
		{03B45EC2-0AEE-49CC-8FFB-A067078B954F}.Debug|Any CPU.ActiveCfg = Debug|Any CPU
		{03B45EC2-0AEE-49CC-8FFB-A067078B954F}.Debug|Any CPU.Build.0 = Debug|Any CPU
		{03B45EC2-0AEE-49CC-8FFB-A067078B954F}.Release|Any CPU.ActiveCfg = Release|Any CPU
		{03B45EC2-0AEE-49CC-8FFB-A067078B954F}.Release|Any CPU.Build.0 = Release|Any CPU
		{1ADE5D84-E966-4C76-AFB0-E9ACD5808C44}.Debug|Any CPU.ActiveCfg = Debug|Any CPU
		{1ADE5D84-E966-4C76-AFB0-E9ACD5808C44}.Debug|Any CPU.Build.0 = Debug|Any CPU
		{1ADE5D84-E966-4C76-AFB0-E9ACD5808C44}.Release|Any CPU.ActiveCfg = Release|Any CPU
		{1ADE5D84-E966-4C76-AFB0-E9ACD5808C44}.Release|Any CPU.Build.0 = Release|Any CPU
		{8FFB8351-4099-4D3A-BDE4-BFE0268D17FA}.Debug|Any CPU.ActiveCfg = Debug|Any CPU
		{8FFB8351-4099-4D3A-BDE4-BFE0268D17FA}.Debug|Any CPU.Build.0 = Debug|Any CPU
		{8FFB8351-4099-4D3A-BDE4-BFE0268D17FA}.Release|Any CPU.ActiveCfg = Release|Any CPU
		{8FFB8351-4099-4D3A-BDE4-BFE0268D17FA}.Release|Any CPU.Build.0 = Release|Any CPU
		{8FA8C226-17C6-4DCA-AE63-F583C147062C}.Debug|Any CPU.ActiveCfg = Debug|Any CPU
		{8FA8C226-17C6-4DCA-AE63-F583C147062C}.Debug|Any CPU.Build.0 = Debug|Any CPU
		{8FA8C226-17C6-4DCA-AE63-F583C147062C}.Release|Any CPU.ActiveCfg = Release|Any CPU
		{8FA8C226-17C6-4DCA-AE63-F583C147062C}.Release|Any CPU.Build.0 = Release|Any CPU
		{700149D5-6B1B-4428-BAE7-B49D58D54891}.Debug|Any CPU.ActiveCfg = Debug|Any CPU
		{700149D5-6B1B-4428-BAE7-B49D58D54891}.Debug|Any CPU.Build.0 = Debug|Any CPU
		{700149D5-6B1B-4428-BAE7-B49D58D54891}.Release|Any CPU.ActiveCfg = Release|Any CPU
		{700149D5-6B1B-4428-BAE7-B49D58D54891}.Release|Any CPU.Build.0 = Release|Any CPU
		{C67BF680-602A-4D10-8804-59962F052BB1}.Debug|Any CPU.ActiveCfg = Debug|Any CPU
		{C67BF680-602A-4D10-8804-59962F052BB1}.Debug|Any CPU.Build.0 = Debug|Any CPU
		{C67BF680-602A-4D10-8804-59962F052BB1}.Release|Any CPU.ActiveCfg = Release|Any CPU
		{C67BF680-602A-4D10-8804-59962F052BB1}.Release|Any CPU.Build.0 = Release|Any CPU
		{E54186E0-5D8F-42D4-B35B-A31B710CA743}.Debug|Any CPU.ActiveCfg = Debug|Any CPU
		{E54186E0-5D8F-42D4-B35B-A31B710CA743}.Debug|Any CPU.Build.0 = Debug|Any CPU
		{E54186E0-5D8F-42D4-B35B-A31B710CA743}.Release|Any CPU.ActiveCfg = Release|Any CPU
		{E54186E0-5D8F-42D4-B35B-A31B710CA743}.Release|Any CPU.Build.0 = Release|Any CPU
		{900BF744-59AB-4165-9250-52335CAF30BE}.Debug|Any CPU.ActiveCfg = Debug|Any CPU
		{900BF744-59AB-4165-9250-52335CAF30BE}.Debug|Any CPU.Build.0 = Debug|Any CPU
		{900BF744-59AB-4165-9250-52335CAF30BE}.Release|Any CPU.ActiveCfg = Release|Any CPU
		{900BF744-59AB-4165-9250-52335CAF30BE}.Release|Any CPU.Build.0 = Release|Any CPU
		{0BAC904D-3DDB-47DB-8FA9-DD365D990693}.Debug|Any CPU.ActiveCfg = Debug|Any CPU
		{0BAC904D-3DDB-47DB-8FA9-DD365D990693}.Debug|Any CPU.Build.0 = Debug|Any CPU
		{0BAC904D-3DDB-47DB-8FA9-DD365D990693}.Release|Any CPU.ActiveCfg = Release|Any CPU
		{0BAC904D-3DDB-47DB-8FA9-DD365D990693}.Release|Any CPU.Build.0 = Release|Any CPU
		{6D3B2804-9883-4830-9A6E-AA77C012A4E4}.Debug|Any CPU.ActiveCfg = Debug|Any CPU
		{6D3B2804-9883-4830-9A6E-AA77C012A4E4}.Debug|Any CPU.Build.0 = Debug|Any CPU
		{6D3B2804-9883-4830-9A6E-AA77C012A4E4}.Release|Any CPU.ActiveCfg = Release|Any CPU
		{6D3B2804-9883-4830-9A6E-AA77C012A4E4}.Release|Any CPU.Build.0 = Release|Any CPU
	EndGlobalSection
	GlobalSection(SolutionProperties) = preSolution
		HideSolutionNode = FALSE
	EndGlobalSection
	GlobalSection(NestedProjects) = preSolution
		{30DAF6EC-5BB6-4402-8247-E11F381BC566} = {491A5FEB-6332-48C9-BE89-09FC2D744FBB}
		{DFA5341B-26E2-4B3F-BE2C-483A831A6D8C} = {491A5FEB-6332-48C9-BE89-09FC2D744FBB}
		{C67BF680-602A-4D10-8804-59962F052BB1} = {30DAF6EC-5BB6-4402-8247-E11F381BC566}
		{E54186E0-5D8F-42D4-B35B-A31B710CA743} = {30DAF6EC-5BB6-4402-8247-E11F381BC566}
		{900BF744-59AB-4165-9250-52335CAF30BE} = {30DAF6EC-5BB6-4402-8247-E11F381BC566}
		{700149D5-6B1B-4428-BAE7-B49D58D54891} = {DFA5341B-26E2-4B3F-BE2C-483A831A6D8C}
		{0BAC904D-3DDB-47DB-8FA9-DD365D990693} = {DFA5341B-26E2-4B3F-BE2C-483A831A6D8C}
		{6D3B2804-9883-4830-9A6E-AA77C012A4E4} = {DFA5341B-26E2-4B3F-BE2C-483A831A6D8C}
		{96BCF895-F1BF-4442-B62A-DCED3FEE9079} = {174DB402-08F3-40DD-89EC-8D589EDAAD30}
		{F2FF825B-87B7-48BC-BA54-8277896EA555} = {174DB402-08F3-40DD-89EC-8D589EDAAD30}
		{03B45EC2-0AEE-49CC-8FFB-A067078B954F} = {96BCF895-F1BF-4442-B62A-DCED3FEE9079}
		{1ADE5D84-E966-4C76-AFB0-E9ACD5808C44} = {96BCF895-F1BF-4442-B62A-DCED3FEE9079}
		{8FFB8351-4099-4D3A-BDE4-BFE0268D17FA} = {F2FF825B-87B7-48BC-BA54-8277896EA555}
		{8FA8C226-17C6-4DCA-AE63-F583C147062C} = {F2FF825B-87B7-48BC-BA54-8277896EA555}
	EndGlobalSection
EndGlobal
